
Microsoft Visual Studio Solution File, Format Version 12.00
# Visual Studio Version 17
VisualStudioVersion = 17.8.34309.116
MinimumVisualStudioVersion = 10.0.40219.1
Project("{9A19103F-16F7-4668-BE54-9A1E7A4F7556}") = "JA3", "JA3\JA3.csproj", "{8FFBE0D1-E844-47F8-BF55-9B2071EF155B}"
EndProject
Project("{9A19103F-16F7-4668-BE54-9A1E7A4F7556}") = "JA3Test", "JA3Test\JA3Test.csproj", "{A0240620-85AC-4C66-91D9-F58D70ABD0C5}"
EndProject
Global
	GlobalSection(SolutionConfigurationPlatforms) = preSolution
		Debug|Any CPU = Debug|Any CPU
		Release|Any CPU = Release|Any CPU
	EndGlobalSection
	GlobalSection(ProjectConfigurationPlatforms) = postSolution
		{8FFBE0D1-E844-47F8-BF55-9B2071EF155B}.Debug|Any CPU.ActiveCfg = Debug|Any CPU
		{8FFBE0D1-E844-47F8-BF55-9B2071EF155B}.Debug|Any CPU.Build.0 = Debug|Any CPU
		{8FFBE0D1-E844-47F8-BF55-9B2071EF155B}.Release|Any CPU.ActiveCfg = Release|Any CPU
		{8FFBE0D1-E844-47F8-BF55-9B2071EF155B}.Release|Any CPU.Build.0 = Release|Any CPU
		{A0240620-85AC-4C66-91D9-F58D70ABD0C5}.Debug|Any CPU.ActiveCfg = Debug|Any CPU
		{A0240620-85AC-4C66-91D9-F58D70ABD0C5}.Debug|Any CPU.Build.0 = Debug|Any CPU
		{A0240620-85AC-4C66-91D9-F58D70ABD0C5}.Release|Any CPU.ActiveCfg = Release|Any CPU
		{A0240620-85AC-4C66-91D9-F58D70ABD0C5}.Release|Any CPU.Build.0 = Release|Any CPU
	EndGlobalSection
	GlobalSection(SolutionProperties) = preSolution
		HideSolutionNode = FALSE
	EndGlobalSection
	GlobalSection(ExtensibilityGlobals) = postSolution
		SolutionGuid = {796FD1DE-A52B-4084-B65F-A36053930DD3}
	EndGlobalSection
EndGlobal
